// !$*UTF8*$!
{
	archiveVersion = 1;
	classes = {
	};
	objectVersion = 51;
	objects = {

/* Begin PBXBuildFile section */
		1B444F2624F2A92E004F84F8 /* MusicCell.swift in Sources */ = {isa = PBXBuildFile; fileRef = 1B444F2424F2A92E004F84F8 /* MusicCell.swift */; };
		1B444F2724F2A92E004F84F8 /* MusicCell.xib in Resources */ = {isa = PBXBuildFile; fileRef = 1B444F2524F2A92E004F84F8 /* MusicCell.xib */; };
		1B444F2A24F2AE63004F84F8 /* MusicModel.swift in Sources */ = {isa = PBXBuildFile; fileRef = 1B444F2924F2AE63004F84F8 /* MusicModel.swift */; };
		1B444F2E24F2B13B004F84F8 /* MusicDetail.swift in Sources */ = {isa = PBXBuildFile; fileRef = 1B444F2C24F2B13B004F84F8 /* MusicDetail.swift */; };
		1B444F2F24F2B13B004F84F8 /* MusicDetail.xib in Resources */ = {isa = PBXBuildFile; fileRef = 1B444F2D24F2B13B004F84F8 /* MusicDetail.xib */; };
		1B617B3A25050E5000393342 /* DataRealm.swift in Sources */ = {isa = PBXBuildFile; fileRef = 1B617B3925050E5000393342 /* DataRealm.swift */; };
		1B7C2E5824FE9272002B4539 /* MusicStream.swift in Sources */ = {isa = PBXBuildFile; fileRef = 1B7C2E5724FE9272002B4539 /* MusicStream.swift */; };
		1B7C2E5B24FF40B3002B4539 /* ListMusic.swift in Sources */ = {isa = PBXBuildFile; fileRef = 1B7C2E5A24FF40B3002B4539 /* ListMusic.swift */; };
		1B7C2E5D24FF44B4002B4539 /* HeaderCornerView.swift in Sources */ = {isa = PBXBuildFile; fileRef = 1B7C2E5C24FF44B4002B4539 /* HeaderCornerView.swift */; };
		1B7C2E6024FF4782002B4539 /* ListMusicCell.swift in Sources */ = {isa = PBXBuildFile; fileRef = 1B7C2E5F24FF4782002B4539 /* ListMusicCell.swift */; };
		1B87FAB124F157BD00515716 /* AppDelegate.swift in Sources */ = {isa = PBXBuildFile; fileRef = 1B87FAB024F157BD00515716 /* AppDelegate.swift */; };
		1B87FAB324F157BD00515716 /* SceneDelegate.swift in Sources */ = {isa = PBXBuildFile; fileRef = 1B87FAB224F157BD00515716 /* SceneDelegate.swift */; };
		1B87FAB524F157BD00515716 /* ViewController.swift in Sources */ = {isa = PBXBuildFile; fileRef = 1B87FAB424F157BD00515716 /* ViewController.swift */; };
		1B87FAB824F157BD00515716 /* Main.storyboard in Resources */ = {isa = PBXBuildFile; fileRef = 1B87FAB624F157BD00515716 /* Main.storyboard */; };
		1B87FABB24F157BD00515716 /* SoundRain.xcdatamodeld in Sources */ = {isa = PBXBuildFile; fileRef = 1B87FAB924F157BD00515716 /* SoundRain.xcdatamodeld */; };
		1B87FABD24F157C100515716 /* Assets.xcassets in Resources */ = {isa = PBXBuildFile; fileRef = 1B87FABC24F157C100515716 /* Assets.xcassets */; };
		1B87FAC024F157C100515716 /* LaunchScreen.storyboard in Resources */ = {isa = PBXBuildFile; fileRef = 1B87FABE24F157C100515716 /* LaunchScreen.storyboard */; };
		1B87FAC824F15A4500515716 /* GoogleService-Info.plist in Resources */ = {isa = PBXBuildFile; fileRef = 1B87FAC724F15A4500515716 /* GoogleService-Info.plist */; };
		1B87FACB24F15BAD00515716 /* Extension.swift in Sources */ = {isa = PBXBuildFile; fileRef = 1B87FACA24F15BAD00515716 /* Extension.swift */; };
		1B87FAD124F1608B00515716 /* HomeTabbar.swift in Sources */ = {isa = PBXBuildFile; fileRef = 1B87FAD024F1608B00515716 /* HomeTabbar.swift */; };
		1B87FAD524F1610E00515716 /* MusicVC.swift in Sources */ = {isa = PBXBuildFile; fileRef = 1B87FAD424F1610E00515716 /* MusicVC.swift */; };
		1B87FAD724F1611D00515716 /* PostProductVC.swift in Sources */ = {isa = PBXBuildFile; fileRef = 1B87FAD624F1611D00515716 /* PostProductVC.swift */; };
		2E83788A2536FB7100CE5D83 /* TimeOClock.swift in Sources */ = {isa = PBXBuildFile; fileRef = 2E8378882536FB7100CE5D83 /* TimeOClock.swift */; };
		2E83788B2536FB7100CE5D83 /* TimeOClock.xib in Resources */ = {isa = PBXBuildFile; fileRef = 2E8378892536FB7100CE5D83 /* TimeOClock.xib */; };
		52A818292D7DAC78C0036958 /* Pods_SoundRain.framework in Frameworks */ = {isa = PBXBuildFile; fileRef = 0BF57AA65E00EC655E881BE2 /* Pods_SoundRain.framework */; };
		931DEA66251CE3FB00D3B729 /* property.swift in Sources */ = {isa = PBXBuildFile; fileRef = 931DEA65251CE3FB00D3B729 /* property.swift */; };
		93638C9A25723FB400C004F5 /* piano.mp3 in Resources */ = {isa = PBXBuildFile; fileRef = 93638C9925723FB400C004F5 /* piano.mp3 */; };
		93638C9F2572548300C004F5 /* the_sound_of_running_water.mp3 in Resources */ = {isa = PBXBuildFile; fileRef = 93638C9E2572548300C004F5 /* the_sound_of_running_water.mp3 */; };
/* End PBXBuildFile section */

/* Begin PBXFileReference section */
		0BF57AA65E00EC655E881BE2 /* Pods_SoundRain.framework */ = {isa = PBXFileReference; explicitFileType = wrapper.framework; includeInIndex = 0; path = Pods_SoundRain.framework; sourceTree = BUILT_PRODUCTS_DIR; };
		1B444F2424F2A92E004F84F8 /* MusicCell.swift */ = {isa = PBXFileReference; lastKnownFileType = sourcecode.swift; path = MusicCell.swift; sourceTree = "<group>"; };
		1B444F2524F2A92E004F84F8 /* MusicCell.xib */ = {isa = PBXFileReference; lastKnownFileType = file.xib; path = MusicCell.xib; sourceTree = "<group>"; };
		1B444F2924F2AE63004F84F8 /* MusicModel.swift */ = {isa = PBXFileReference; lastKnownFileType = sourcecode.swift; path = MusicModel.swift; sourceTree = "<group>"; };
		1B444F2C24F2B13B004F84F8 /* MusicDetail.swift */ = {isa = PBXFileReference; lastKnownFileType = sourcecode.swift; path = MusicDetail.swift; sourceTree = "<group>"; };
		1B444F2D24F2B13B004F84F8 /* MusicDetail.xib */ = {isa = PBXFileReference; lastKnownFileType = file.xib; path = MusicDetail.xib; sourceTree = "<group>"; };
		1B617B3925050E5000393342 /* DataRealm.swift */ = {isa = PBXFileReference; lastKnownFileType = sourcecode.swift; path = DataRealm.swift; sourceTree = "<group>"; };
		1B7C2E5724FE9272002B4539 /* MusicStream.swift */ = {isa = PBXFileReference; lastKnownFileType = sourcecode.swift; path = MusicStream.swift; sourceTree = "<group>"; };
		1B7C2E5A24FF40B3002B4539 /* ListMusic.swift */ = {isa = PBXFileReference; lastKnownFileType = sourcecode.swift; path = ListMusic.swift; sourceTree = "<group>"; };
		1B7C2E5C24FF44B4002B4539 /* HeaderCornerView.swift */ = {isa = PBXFileReference; lastKnownFileType = sourcecode.swift; path = HeaderCornerView.swift; sourceTree = "<group>"; };
		1B7C2E5F24FF4782002B4539 /* ListMusicCell.swift */ = {isa = PBXFileReference; lastKnownFileType = sourcecode.swift; path = ListMusicCell.swift; sourceTree = "<group>"; };
		1B87FAAD24F157BD00515716 /* SoundRain.app */ = {isa = PBXFileReference; explicitFileType = wrapper.application; includeInIndex = 0; path = SoundRain.app; sourceTree = BUILT_PRODUCTS_DIR; };
		1B87FAB024F157BD00515716 /* AppDelegate.swift */ = {isa = PBXFileReference; lastKnownFileType = sourcecode.swift; path = AppDelegate.swift; sourceTree = "<group>"; };
		1B87FAB224F157BD00515716 /* SceneDelegate.swift */ = {isa = PBXFileReference; lastKnownFileType = sourcecode.swift; path = SceneDelegate.swift; sourceTree = "<group>"; };
		1B87FAB424F157BD00515716 /* ViewController.swift */ = {isa = PBXFileReference; lastKnownFileType = sourcecode.swift; path = ViewController.swift; sourceTree = "<group>"; };
		1B87FAB724F157BD00515716 /* Base */ = {isa = PBXFileReference; lastKnownFileType = file.storyboard; name = Base; path = Base.lproj/Main.storyboard; sourceTree = "<group>"; };
		1B87FABA24F157BD00515716 /* SoundRain.xcdatamodel */ = {isa = PBXFileReference; lastKnownFileType = wrapper.xcdatamodel; path = SoundRain.xcdatamodel; sourceTree = "<group>"; };
		1B87FABC24F157C100515716 /* Assets.xcassets */ = {isa = PBXFileReference; lastKnownFileType = folder.assetcatalog; path = Assets.xcassets; sourceTree = "<group>"; };
		1B87FABF24F157C100515716 /* Base */ = {isa = PBXFileReference; lastKnownFileType = file.storyboard; name = Base; path = Base.lproj/LaunchScreen.storyboard; sourceTree = "<group>"; };
		1B87FAC124F157C100515716 /* Info.plist */ = {isa = PBXFileReference; lastKnownFileType = text.plist.xml; path = Info.plist; sourceTree = "<group>"; };
		1B87FAC724F15A4500515716 /* GoogleService-Info.plist */ = {isa = PBXFileReference; fileEncoding = 4; lastKnownFileType = text.plist.xml; path = "GoogleService-Info.plist"; sourceTree = "<group>"; };
		1B87FACA24F15BAD00515716 /* Extension.swift */ = {isa = PBXFileReference; lastKnownFileType = sourcecode.swift; path = Extension.swift; sourceTree = "<group>"; };
		1B87FAD024F1608B00515716 /* HomeTabbar.swift */ = {isa = PBXFileReference; lastKnownFileType = sourcecode.swift; path = HomeTabbar.swift; sourceTree = "<group>"; };
		1B87FAD424F1610E00515716 /* MusicVC.swift */ = {isa = PBXFileReference; lastKnownFileType = sourcecode.swift; path = MusicVC.swift; sourceTree = "<group>"; };
		1B87FAD624F1611D00515716 /* PostProductVC.swift */ = {isa = PBXFileReference; lastKnownFileType = sourcecode.swift; path = PostProductVC.swift; sourceTree = "<group>"; };
		2E8378882536FB7100CE5D83 /* TimeOClock.swift */ = {isa = PBXFileReference; lastKnownFileType = sourcecode.swift; path = TimeOClock.swift; sourceTree = "<group>"; };
		2E8378892536FB7100CE5D83 /* TimeOClock.xib */ = {isa = PBXFileReference; lastKnownFileType = file.xib; path = TimeOClock.xib; sourceTree = "<group>"; };
		4B33649669306461DC1D1B61 /* Pods-SoundRain.release.xcconfig */ = {isa = PBXFileReference; includeInIndex = 1; lastKnownFileType = text.xcconfig; name = "Pods-SoundRain.release.xcconfig"; path = "Target Support Files/Pods-SoundRain/Pods-SoundRain.release.xcconfig"; sourceTree = "<group>"; };
		55C25584C636C27D1653419D /* Pods-SoundRain.debug.xcconfig */ = {isa = PBXFileReference; includeInIndex = 1; lastKnownFileType = text.xcconfig; name = "Pods-SoundRain.debug.xcconfig"; path = "Target Support Files/Pods-SoundRain/Pods-SoundRain.debug.xcconfig"; sourceTree = "<group>"; };
		931DEA65251CE3FB00D3B729 /* property.swift */ = {isa = PBXFileReference; lastKnownFileType = sourcecode.swift; path = property.swift; sourceTree = "<group>"; };
		93638C9925723FB400C004F5 /* piano.mp3 */ = {isa = PBXFileReference; lastKnownFileType = audio.mp3; path = piano.mp3; sourceTree = "<group>"; };
		93638C9E2572548300C004F5 /* the_sound_of_running_water.mp3 */ = {isa = PBXFileReference; lastKnownFileType = audio.mp3; path = the_sound_of_running_water.mp3; sourceTree = "<group>"; };
/* End PBXFileReference section */

/* Begin PBXFrameworksBuildPhase section */
		1B87FAAA24F157BD00515716 /* Frameworks */ = {
			isa = PBXFrameworksBuildPhase;
			buildActionMask = 2147483647;
			files = (
				52A818292D7DAC78C0036958 /* Pods_SoundRain.framework in Frameworks */,
			);
			runOnlyForDeploymentPostprocessing = 0;
		};
/* End PBXFrameworksBuildPhase section */

/* Begin PBXGroup section */
		1B444F1F24F2A6B1004F84F8 /* Data */ = {
			isa = PBXGroup;
			children = (
				93638C9E2572548300C004F5 /* the_sound_of_running_water.mp3 */,
				93638C9925723FB400C004F5 /* piano.mp3 */,
			);
			path = Data;
			sourceTree = "<group>";
		};
		1B444F2224F2A90C004F84F8 /* cell */ = {
			isa = PBXGroup;
			children = (
				1B444F2424F2A92E004F84F8 /* MusicCell.swift */,
				1B444F2524F2A92E004F84F8 /* MusicCell.xib */,
			);
			path = cell;
			sourceTree = "<group>";
		};
		1B444F2824F2AE08004F84F8 /* Model */ = {
			isa = PBXGroup;
			children = (
				1B444F2924F2AE63004F84F8 /* MusicModel.swift */,
			);
			path = Model;
			sourceTree = "<group>";
		};
		1B444F2B24F2B120004F84F8 /* MusicDetail */ = {
			isa = PBXGroup;
			children = (
				1B444F2C24F2B13B004F84F8 /* MusicDetail.swift */,
				1B444F2D24F2B13B004F84F8 /* MusicDetail.xib */,
			);
			path = MusicDetail;
			sourceTree = "<group>";
		};
		1B7C2E5624FE9260002B4539 /* MusicStream */ = {
			isa = PBXGroup;
			children = (
				1B7C2E5724FE9272002B4539 /* MusicStream.swift */,
				1B617B3925050E5000393342 /* DataRealm.swift */,
			);
			path = MusicStream;
			sourceTree = "<group>";
		};
		1B7C2E5924FF405A002B4539 /* ListMusic */ = {
			isa = PBXGroup;
			children = (
				1B7C2E5E24FF474D002B4539 /* Cell */,
				1B7C2E5A24FF40B3002B4539 /* ListMusic.swift */,
			);
			path = ListMusic;
			sourceTree = "<group>";
		};
		1B7C2E5E24FF474D002B4539 /* Cell */ = {
			isa = PBXGroup;
			children = (
				1B7C2E5F24FF4782002B4539 /* ListMusicCell.swift */,
			);
			path = Cell;
			sourceTree = "<group>";
		};
		1B87FAA424F157BD00515716 = {
			isa = PBXGroup;
			children = (
				1B87FAAF24F157BD00515716 /* SoundRain */,
				1B87FAAE24F157BD00515716 /* Products */,
				ABBA02FE26410B75A98F93EE /* Pods */,
				C7816693B6DFAFC2E5C402D1 /* Frameworks */,
			);
			sourceTree = "<group>";
		};
		1B87FAAE24F157BD00515716 /* Products */ = {
			isa = PBXGroup;
			children = (
				1B87FAAD24F157BD00515716 /* SoundRain.app */,
			);
			name = Products;
			sourceTree = "<group>";
		};
		1B87FAAF24F157BD00515716 /* SoundRain */ = {
			isa = PBXGroup;
			children = (
				1B87FAC924F15B9400515716 /* resource */,
				1B87FAB024F157BD00515716 /* AppDelegate.swift */,
				1B87FAB224F157BD00515716 /* SceneDelegate.swift */,
				1B87FAB424F157BD00515716 /* ViewController.swift */,
				1B87FAB624F157BD00515716 /* Main.storyboard */,
				1B87FABC24F157C100515716 /* Assets.xcassets */,
				1B87FAC724F15A4500515716 /* GoogleService-Info.plist */,
				1B87FABE24F157C100515716 /* LaunchScreen.storyboard */,
				1B87FAC124F157C100515716 /* Info.plist */,
				1B87FAB924F157BD00515716 /* SoundRain.xcdatamodeld */,
			);
			path = SoundRain;
			sourceTree = "<group>";
		};
		1B87FAC924F15B9400515716 /* resource */ = {
			isa = PBXGroup;
			children = (
				931DEA64251CE3E700D3B729 /* Wrapper */,
				1B444F1F24F2A6B1004F84F8 /* Data */,
				1B87FACA24F15BAD00515716 /* Extension.swift */,
				1B7C2E5C24FF44B4002B4539 /* HeaderCornerView.swift */,
				1B87FACC24F15FDB00515716 /* Modules */,
			);
			path = resource;
			sourceTree = "<group>";
		};
		1B87FACC24F15FDB00515716 /* Modules */ = {
			isa = PBXGroup;
			children = (
				1B87FAD324F160EE00515716 /* PostProduct */,
				1B87FAD224F160DF00515716 /* Music */,
				1B87FACD24F15FF400515716 /* HomeTabbar */,
			);
			path = Modules;
			sourceTree = "<group>";
		};
		1B87FACD24F15FF400515716 /* HomeTabbar */ = {
			isa = PBXGroup;
			children = (
				1B87FAD024F1608B00515716 /* HomeTabbar.swift */,
			);
			path = HomeTabbar;
			sourceTree = "<group>";
		};
		1B87FAD224F160DF00515716 /* Music */ = {
			isa = PBXGroup;
			children = (
				2E8378862536F9AF00CE5D83 /* TimeOclock */,
				1B7C2E5924FF405A002B4539 /* ListMusic */,
				1B7C2E5624FE9260002B4539 /* MusicStream */,
				1B444F2B24F2B120004F84F8 /* MusicDetail */,
				1B444F2824F2AE08004F84F8 /* Model */,
				1B444F2224F2A90C004F84F8 /* cell */,
				1B87FAD424F1610E00515716 /* MusicVC.swift */,
			);
			path = Music;
			sourceTree = "<group>";
		};
		1B87FAD324F160EE00515716 /* PostProduct */ = {
			isa = PBXGroup;
			children = (
				1B87FAD624F1611D00515716 /* PostProductVC.swift */,
			);
			path = PostProduct;
			sourceTree = "<group>";
		};
		2E8378862536F9AF00CE5D83 /* TimeOclock */ = {
			isa = PBXGroup;
			children = (
				2E8378882536FB7100CE5D83 /* TimeOClock.swift */,
				2E8378892536FB7100CE5D83 /* TimeOClock.xib */,
			);
			path = TimeOclock;
			sourceTree = "<group>";
		};
		931DEA64251CE3E700D3B729 /* Wrapper */ = {
			isa = PBXGroup;
			children = (
				931DEA65251CE3FB00D3B729 /* property.swift */,
			);
			path = Wrapper;
			sourceTree = "<group>";
		};
		ABBA02FE26410B75A98F93EE /* Pods */ = {
			isa = PBXGroup;
			children = (
				55C25584C636C27D1653419D /* Pods-SoundRain.debug.xcconfig */,
				4B33649669306461DC1D1B61 /* Pods-SoundRain.release.xcconfig */,
			);
			path = Pods;
			sourceTree = "<group>";
		};
		C7816693B6DFAFC2E5C402D1 /* Frameworks */ = {
			isa = PBXGroup;
			children = (
				0BF57AA65E00EC655E881BE2 /* Pods_SoundRain.framework */,
			);
			name = Frameworks;
			sourceTree = "<group>";
		};
/* End PBXGroup section */

/* Begin PBXNativeTarget section */
		1B87FAAC24F157BD00515716 /* SoundRain */ = {
			isa = PBXNativeTarget;
			buildConfigurationList = 1B87FAC424F157C100515716 /* Build configuration list for PBXNativeTarget "SoundRain" */;
			buildPhases = (
				21FDFFAC940B3E37AF0F5B53 /* [CP] Check Pods Manifest.lock */,
				1B87FAA924F157BD00515716 /* Sources */,
				1B87FAAA24F157BD00515716 /* Frameworks */,
				1B87FAAB24F157BD00515716 /* Resources */,
				4AF3A0BCCBF9948A15021662 /* [CP] Embed Pods Frameworks */,
				7E5B52C1B05D104074F60F5F /* [CP] Copy Pods Resources */,
			);
			buildRules = (
			);
			dependencies = (
			);
			name = SoundRain;
			productName = SoundRain;
			productReference = 1B87FAAD24F157BD00515716 /* SoundRain.app */;
			productType = "com.apple.product-type.application";
		};
/* End PBXNativeTarget section */

/* Begin PBXProject section */
		1B87FAA524F157BD00515716 /* Project object */ = {
			isa = PBXProject;
			attributes = {
				LastSwiftUpdateCheck = 1160;
				LastUpgradeCheck = 1160;
				ORGANIZATIONNAME = "Phan Hai";
				TargetAttributes = {
					1B87FAAC24F157BD00515716 = {
						CreatedOnToolsVersion = 11.6;
					};
				};
			};
			buildConfigurationList = 1B87FAA824F157BD00515716 /* Build configuration list for PBXProject "SoundRain" */;
			compatibilityVersion = "Xcode 9.3";
			developmentRegion = en;
			hasScannedForEncodings = 0;
			knownRegions = (
				en,
				Base,
			);
			mainGroup = 1B87FAA424F157BD00515716;
			productRefGroup = 1B87FAAE24F157BD00515716 /* Products */;
			projectDirPath = "";
			projectRoot = "";
			targets = (
				1B87FAAC24F157BD00515716 /* SoundRain */,
			);
		};
/* End PBXProject section */

/* Begin PBXResourcesBuildPhase section */
		1B87FAAB24F157BD00515716 /* Resources */ = {
			isa = PBXResourcesBuildPhase;
			buildActionMask = 2147483647;
			files = (
				93638C9A25723FB400C004F5 /* piano.mp3 in Resources */,
				2E83788B2536FB7100CE5D83 /* TimeOClock.xib in Resources */,
				1B87FAC024F157C100515716 /* LaunchScreen.storyboard in Resources */,
				1B87FAC824F15A4500515716 /* GoogleService-Info.plist in Resources */,
				1B87FABD24F157C100515716 /* Assets.xcassets in Resources */,
				1B87FAB824F157BD00515716 /* Main.storyboard in Resources */,
				1B444F2724F2A92E004F84F8 /* MusicCell.xib in Resources */,
				1B444F2F24F2B13B004F84F8 /* MusicDetail.xib in Resources */,
				93638C9F2572548300C004F5 /* the_sound_of_running_water.mp3 in Resources */,
			);
			runOnlyForDeploymentPostprocessing = 0;
		};
/* End PBXResourcesBuildPhase section */

/* Begin PBXShellScriptBuildPhase section */
		21FDFFAC940B3E37AF0F5B53 /* [CP] Check Pods Manifest.lock */ = {
			isa = PBXShellScriptBuildPhase;
			buildActionMask = 2147483647;
			files = (
			);
			inputFileListPaths = (
			);
			inputPaths = (
				"${PODS_PODFILE_DIR_PATH}/Podfile.lock",
				"${PODS_ROOT}/Manifest.lock",
			);
			name = "[CP] Check Pods Manifest.lock";
			outputFileListPaths = (
			);
			outputPaths = (
				"$(DERIVED_FILE_DIR)/Pods-SoundRain-checkManifestLockResult.txt",
			);
			runOnlyForDeploymentPostprocessing = 0;
			shellPath = /bin/sh;
			shellScript = "diff \"${PODS_PODFILE_DIR_PATH}/Podfile.lock\" \"${PODS_ROOT}/Manifest.lock\" > /dev/null\nif [ $? != 0 ] ; then\n    # print error to STDERR\n    echo \"error: The sandbox is not in sync with the Podfile.lock. Run 'pod install' or update your CocoaPods installation.\" >&2\n    exit 1\nfi\n# This output is used by Xcode 'outputs' to avoid re-running this script phase.\necho \"SUCCESS\" > \"${SCRIPT_OUTPUT_FILE_0}\"\n";
			showEnvVarsInLog = 0;
		};
		4AF3A0BCCBF9948A15021662 /* [CP] Embed Pods Frameworks */ = {
			isa = PBXShellScriptBuildPhase;
			buildActionMask = 2147483647;
			files = (
			);
			inputFileListPaths = (
				"${PODS_ROOT}/Target Support Files/Pods-SoundRain/Pods-SoundRain-frameworks-${CONFIGURATION}-input-files.xcfilelist",
			);
			name = "[CP] Embed Pods Frameworks";
			outputFileListPaths = (
				"${PODS_ROOT}/Target Support Files/Pods-SoundRain/Pods-SoundRain-frameworks-${CONFIGURATION}-output-files.xcfilelist",
			);
			runOnlyForDeploymentPostprocessing = 0;
			shellPath = /bin/sh;
			shellScript = "\"${PODS_ROOT}/Target Support Files/Pods-SoundRain/Pods-SoundRain-frameworks.sh\"\n";
			showEnvVarsInLog = 0;
		};
		7E5B52C1B05D104074F60F5F /* [CP] Copy Pods Resources */ = {
			isa = PBXShellScriptBuildPhase;
			buildActionMask = 2147483647;
			files = (
			);
			inputFileListPaths = (
				"${PODS_ROOT}/Target Support Files/Pods-SoundRain/Pods-SoundRain-resources-${CONFIGURATION}-input-files.xcfilelist",
			);
			name = "[CP] Copy Pods Resources";
			outputFileListPaths = (
				"${PODS_ROOT}/Target Support Files/Pods-SoundRain/Pods-SoundRain-resources-${CONFIGURATION}-output-files.xcfilelist",
			);
			runOnlyForDeploymentPostprocessing = 0;
			shellPath = /bin/sh;
			shellScript = "\"${PODS_ROOT}/Target Support Files/Pods-SoundRain/Pods-SoundRain-resources.sh\"\n";
			showEnvVarsInLog = 0;
		};
/* End PBXShellScriptBuildPhase section */

/* Begin PBXSourcesBuildPhase section */
		1B87FAA924F157BD00515716 /* Sources */ = {
			isa = PBXSourcesBuildPhase;
			buildActionMask = 2147483647;
			files = (
				1B87FAD524F1610E00515716 /* MusicVC.swift in Sources */,
				2E83788A2536FB7100CE5D83 /* TimeOClock.swift in Sources */,
				1B87FAD124F1608B00515716 /* HomeTabbar.swift in Sources */,
				1B7C2E6024FF4782002B4539 /* ListMusicCell.swift in Sources */,
				1B444F2624F2A92E004F84F8 /* MusicCell.swift in Sources */,
				1B444F2E24F2B13B004F84F8 /* MusicDetail.swift in Sources */,
				1B617B3A25050E5000393342 /* DataRealm.swift in Sources */,
				1B444F2A24F2AE63004F84F8 /* MusicModel.swift in Sources */,
				1B87FACB24F15BAD00515716 /* Extension.swift in Sources */,
				1B7C2E5B24FF40B3002B4539 /* ListMusic.swift in Sources */,
				1B87FAB524F157BD00515716 /* ViewController.swift in Sources */,
				1B87FABB24F157BD00515716 /* SoundRain.xcdatamodeld in Sources */,
				1B87FAB124F157BD00515716 /* AppDelegate.swift in Sources */,
				1B7C2E5D24FF44B4002B4539 /* HeaderCornerView.swift in Sources */,
				1B7C2E5824FE9272002B4539 /* MusicStream.swift in Sources */,
				931DEA66251CE3FB00D3B729 /* property.swift in Sources */,
				1B87FAD724F1611D00515716 /* PostProductVC.swift in Sources */,
				1B87FAB324F157BD00515716 /* SceneDelegate.swift in Sources */,
			);
			runOnlyForDeploymentPostprocessing = 0;
		};
/* End PBXSourcesBuildPhase section */

/* Begin PBXVariantGroup section */
		1B87FAB624F157BD00515716 /* Main.storyboard */ = {
			isa = PBXVariantGroup;
			children = (
				1B87FAB724F157BD00515716 /* Base */,
			);
			name = Main.storyboard;
			sourceTree = "<group>";
		};
		1B87FABE24F157C100515716 /* LaunchScreen.storyboard */ = {
			isa = PBXVariantGroup;
			children = (
				1B87FABF24F157C100515716 /* Base */,
			);
			name = LaunchScreen.storyboard;
			sourceTree = "<group>";
		};
/* End PBXVariantGroup section */

/* Begin XCBuildConfiguration section */
		1B87FAC224F157C100515716 /* Debug */ = {
			isa = XCBuildConfiguration;
			buildSettings = {
				ALWAYS_SEARCH_USER_PATHS = NO;
				CLANG_ANALYZER_NONNULL = YES;
				CLANG_ANALYZER_NUMBER_OBJECT_CONVERSION = YES_AGGRESSIVE;
				CLANG_CXX_LANGUAGE_STANDARD = "gnu++14";
				CLANG_CXX_LIBRARY = "libc++";
				CLANG_ENABLE_MODULES = YES;
				CLANG_ENABLE_OBJC_ARC = YES;
				CLANG_ENABLE_OBJC_WEAK = YES;
				CLANG_WARN_BLOCK_CAPTURE_AUTORELEASING = YES;
				CLANG_WARN_BOOL_CONVERSION = YES;
				CLANG_WARN_COMMA = YES;
				CLANG_WARN_CONSTANT_CONVERSION = YES;
				CLANG_WARN_DEPRECATED_OBJC_IMPLEMENTATIONS = YES;
				CLANG_WARN_DIRECT_OBJC_ISA_USAGE = YES_ERROR;
				CLANG_WARN_DOCUMENTATION_COMMENTS = YES;
				CLANG_WARN_EMPTY_BODY = YES;
				CLANG_WARN_ENUM_CONVERSION = YES;
				CLANG_WARN_INFINITE_RECURSION = YES;
				CLANG_WARN_INT_CONVERSION = YES;
				CLANG_WARN_NON_LITERAL_NULL_CONVERSION = YES;
				CLANG_WARN_OBJC_IMPLICIT_RETAIN_SELF = YES;
				CLANG_WARN_OBJC_LITERAL_CONVERSION = YES;
				CLANG_WARN_OBJC_ROOT_CLASS = YES_ERROR;
				CLANG_WARN_RANGE_LOOP_ANALYSIS = YES;
				CLANG_WARN_STRICT_PROTOTYPES = YES;
				CLANG_WARN_SUSPICIOUS_MOVE = YES;
				CLANG_WARN_UNGUARDED_AVAILABILITY = YES_AGGRESSIVE;
				CLANG_WARN_UNREACHABLE_CODE = YES;
				CLANG_WARN__DUPLICATE_METHOD_MATCH = YES;
				COPY_PHASE_STRIP = NO;
				DEBUG_INFORMATION_FORMAT = dwarf;
				ENABLE_STRICT_OBJC_MSGSEND = YES;
				ENABLE_TESTABILITY = YES;
				GCC_C_LANGUAGE_STANDARD = gnu11;
				GCC_DYNAMIC_NO_PIC = NO;
				GCC_NO_COMMON_BLOCKS = YES;
				GCC_OPTIMIZATION_LEVEL = 0;
				GCC_PREPROCESSOR_DEFINITIONS = (
					"DEBUG=1",
					"$(inherited)",
				);
				GCC_WARN_64_TO_32_BIT_CONVERSION = YES;
				GCC_WARN_ABOUT_RETURN_TYPE = YES_ERROR;
				GCC_WARN_UNDECLARED_SELECTOR = YES;
				GCC_WARN_UNINITIALIZED_AUTOS = YES_AGGRESSIVE;
				GCC_WARN_UNUSED_FUNCTION = YES;
				GCC_WARN_UNUSED_VARIABLE = YES;
				IPHONEOS_DEPLOYMENT_TARGET = 13.6;
				MTL_ENABLE_DEBUG_INFO = INCLUDE_SOURCE;
				MTL_FAST_MATH = YES;
				ONLY_ACTIVE_ARCH = YES;
				SDKROOT = iphoneos;
				SWIFT_ACTIVE_COMPILATION_CONDITIONS = DEBUG;
				SWIFT_OPTIMIZATION_LEVEL = "-Onone";
			};
			name = Debug;
		};
		1B87FAC324F157C100515716 /* Release */ = {
			isa = XCBuildConfiguration;
			buildSettings = {
				ALWAYS_SEARCH_USER_PATHS = NO;
				CLANG_ANALYZER_NONNULL = YES;
				CLANG_ANALYZER_NUMBER_OBJECT_CONVERSION = YES_AGGRESSIVE;
				CLANG_CXX_LANGUAGE_STANDARD = "gnu++14";
				CLANG_CXX_LIBRARY = "libc++";
				CLANG_ENABLE_MODULES = YES;
				CLANG_ENABLE_OBJC_ARC = YES;
				CLANG_ENABLE_OBJC_WEAK = YES;
				CLANG_WARN_BLOCK_CAPTURE_AUTORELEASING = YES;
				CLANG_WARN_BOOL_CONVERSION = YES;
				CLANG_WARN_COMMA = YES;
				CLANG_WARN_CONSTANT_CONVERSION = YES;
				CLANG_WARN_DEPRECATED_OBJC_IMPLEMENTATIONS = YES;
				CLANG_WARN_DIRECT_OBJC_ISA_USAGE = YES_ERROR;
				CLANG_WARN_DOCUMENTATION_COMMENTS = YES;
				CLANG_WARN_EMPTY_BODY = YES;
				CLANG_WARN_ENUM_CONVERSION = YES;
				CLANG_WARN_INFINITE_RECURSION = YES;
				CLANG_WARN_INT_CONVERSION = YES;
				CLANG_WARN_NON_LITERAL_NULL_CONVERSION = YES;
				CLANG_WARN_OBJC_IMPLICIT_RETAIN_SELF = YES;
				CLANG_WARN_OBJC_LITERAL_CONVERSION = YES;
				CLANG_WARN_OBJC_ROOT_CLASS = YES_ERROR;
				CLANG_WARN_RANGE_LOOP_ANALYSIS = YES;
				CLANG_WARN_STRICT_PROTOTYPES = YES;
				CLANG_WARN_SUSPICIOUS_MOVE = YES;
				CLANG_WARN_UNGUARDED_AVAILABILITY = YES_AGGRESSIVE;
				CLANG_WARN_UNREACHABLE_CODE = YES;
				CLANG_WARN__DUPLICATE_METHOD_MATCH = YES;
				COPY_PHASE_STRIP = NO;
				DEBUG_INFORMATION_FORMAT = "dwarf-with-dsym";
				ENABLE_NS_ASSERTIONS = NO;
				ENABLE_STRICT_OBJC_MSGSEND = YES;
				GCC_C_LANGUAGE_STANDARD = gnu11;
				GCC_NO_COMMON_BLOCKS = YES;
				GCC_WARN_64_TO_32_BIT_CONVERSION = YES;
				GCC_WARN_ABOUT_RETURN_TYPE = YES_ERROR;
				GCC_WARN_UNDECLARED_SELECTOR = YES;
				GCC_WARN_UNINITIALIZED_AUTOS = YES_AGGRESSIVE;
				GCC_WARN_UNUSED_FUNCTION = YES;
				GCC_WARN_UNUSED_VARIABLE = YES;
				IPHONEOS_DEPLOYMENT_TARGET = 13.6;
				MTL_ENABLE_DEBUG_INFO = NO;
				MTL_FAST_MATH = YES;
				SDKROOT = iphoneos;
				SWIFT_COMPILATION_MODE = wholemodule;
				SWIFT_OPTIMIZATION_LEVEL = "-O";
				VALIDATE_PRODUCT = YES;
			};
			name = Release;
		};
		1B87FAC524F157C100515716 /* Debug */ = {
			isa = XCBuildConfiguration;
			baseConfigurationReference = 55C25584C636C27D1653419D /* Pods-SoundRain.debug.xcconfig */;
			buildSettings = {
				ASSETCATALOG_COMPILER_APPICON_NAME = AppIcon;
				CODE_SIGN_STYLE = Automatic;
				DEVELOPMENT_TEAM = 7VA7N3EEEN;
				INFOPLIST_FILE = SoundRain/Info.plist;
				IPHONEOS_DEPLOYMENT_TARGET = 13.4;
				LD_RUNPATH_SEARCH_PATHS = (
					"$(inherited)",
					"@executable_path/Frameworks",
				);
				PRODUCT_BUNDLE_IDENTIFIER = haiphan.SoundRain;
				PRODUCT_NAME = "$(TARGET_NAME)";
				SWIFT_VERSION = 5.0;
				TARGETED_DEVICE_FAMILY = "1,2";
			};
			name = Debug;
		};
		1B87FAC624F157C100515716 /* Release */ = {
			isa = XCBuildConfiguration;
			baseConfigurationReference = 4B33649669306461DC1D1B61 /* Pods-SoundRain.release.xcconfig */;
			buildSettings = {
				ASSETCATALOG_COMPILER_APPICON_NAME = AppIcon;
				CODE_SIGN_STYLE = Automatic;
				DEVELOPMENT_TEAM = 7VA7N3EEEN;
				INFOPLIST_FILE = SoundRain/Info.plist;
				IPHONEOS_DEPLOYMENT_TARGET = 13.4;
				LD_RUNPATH_SEARCH_PATHS = (
					"$(inherited)",
					"@executable_path/Frameworks",
				);
				PRODUCT_BUNDLE_IDENTIFIER = haiphan.SoundRain;
				PRODUCT_NAME = "$(TARGET_NAME)";
				SWIFT_VERSION = 5.0;
				TARGETED_DEVICE_FAMILY = "1,2";
			};
			name = Release;
		};
/* End XCBuildConfiguration section */

/* Begin XCConfigurationList section */
		1B87FAA824F157BD00515716 /* Build configuration list for PBXProject "SoundRain" */ = {
			isa = XCConfigurationList;
			buildConfigurations = (
				1B87FAC224F157C100515716 /* Debug */,
				1B87FAC324F157C100515716 /* Release */,
			);
			defaultConfigurationIsVisible = 0;
			defaultConfigurationName = Release;
		};
		1B87FAC424F157C100515716 /* Build configuration list for PBXNativeTarget "SoundRain" */ = {
			isa = XCConfigurationList;
			buildConfigurations = (
				1B87FAC524F157C100515716 /* Debug */,
				1B87FAC624F157C100515716 /* Release */,
			);
			defaultConfigurationIsVisible = 0;
			defaultConfigurationName = Release;
		};
/* End XCConfigurationList section */

/* Begin XCVersionGroup section */
		1B87FAB924F157BD00515716 /* SoundRain.xcdatamodeld */ = {
			isa = XCVersionGroup;
			children = (
				1B87FABA24F157BD00515716 /* SoundRain.xcdatamodel */,
			);
			currentVersion = 1B87FABA24F157BD00515716 /* SoundRain.xcdatamodel */;
			path = SoundRain.xcdatamodeld;
			sourceTree = "<group>";
			versionGroupType = wrapper.xcdatamodel;
		};
/* End XCVersionGroup section */
	};
	rootObject = 1B87FAA524F157BD00515716 /* Project object */;
}
